// !$*UTF8*$!
{
	archiveVersion = 1;
	classes = {
	};
	objectVersion = 46;
	objects = {

/* Begin PBXBuildFile section */
		3643C8DA1E262B9D00E9BCA5 /* main.m in Sources */ = {isa = PBXBuildFile; fileRef = 3643C8D91E262B9D00E9BCA5 /* main.m */; };
		3643C8DD1E262B9D00E9BCA5 /* AppDelegate.m in Sources */ = {isa = PBXBuildFile; fileRef = 3643C8DC1E262B9D00E9BCA5 /* AppDelegate.m */; };
		3643C8E51E262B9D00E9BCA5 /* Assets.xcassets in Resources */ = {isa = PBXBuildFile; fileRef = 3643C8E41E262B9D00E9BCA5 /* Assets.xcassets */; };
		3643C8E81E262B9D00E9BCA5 /* LaunchScreen.storyboard in Resources */ = {isa = PBXBuildFile; fileRef = 3643C8E61E262B9D00E9BCA5 /* LaunchScreen.storyboard */; };
		3643C8F31E262B9E00E9BCA5 /* KenanKarakecili_ExerciseTests.m in Sources */ = {isa = PBXBuildFile; fileRef = 3643C8F21E262B9E00E9BCA5 /* KenanKarakecili_ExerciseTests.m */; };
		3643C9011E26333600E9BCA5 /* MainVC.m in Sources */ = {isa = PBXBuildFile; fileRef = 3643C9001E26333600E9BCA5 /* MainVC.m */; };
		3643C90B1E26483D00E9BCA5 /* ConnectionHandler.m in Sources */ = {isa = PBXBuildFile; fileRef = 3643C90A1E26483D00E9BCA5 /* ConnectionHandler.m */; };
		3643C90E1E26494700E9BCA5 /* GetRequest.m in Sources */ = {isa = PBXBuildFile; fileRef = 3643C90D1E26494700E9BCA5 /* GetRequest.m */; };
		3643C9111E26496A00E9BCA5 /* BaseRequest.m in Sources */ = {isa = PBXBuildFile; fileRef = 3643C9101E26496A00E9BCA5 /* BaseRequest.m */; };
		3643C91B1E264B4100E9BCA5 /* CJSONDeserializer.m in Sources */ = {isa = PBXBuildFile; fileRef = 3643C9151E264B4100E9BCA5 /* CJSONDeserializer.m */; };
		3643C91C1E264B4100E9BCA5 /* CJSONSerializer.m in Sources */ = {isa = PBXBuildFile; fileRef = 3643C9171E264B4100E9BCA5 /* CJSONSerializer.m */; };
		3643C91D1E264B4100E9BCA5 /* NSDictionary_JSONExtensions.m in Sources */ = {isa = PBXBuildFile; fileRef = 3643C91A1E264B4100E9BCA5 /* NSDictionary_JSONExtensions.m */; };
		3643C9221E264D7400E9BCA5 /* MYAPI.m in Sources */ = {isa = PBXBuildFile; fileRef = 3643C9211E264D7400E9BCA5 /* MYAPI.m */; };
		3643C9291E265F0800E9BCA5 /* RowItem.m in Sources */ = {isa = PBXBuildFile; fileRef = 3643C9281E265F0800E9BCA5 /* RowItem.m */; };
/* End PBXBuildFile section */

/* Begin PBXContainerItemProxy section */
		3643C8EF1E262B9D00E9BCA5 /* PBXContainerItemProxy */ = {
			isa = PBXContainerItemProxy;
			containerPortal = 3643C8CD1E262B9D00E9BCA5 /* Project object */;
			proxyType = 1;
			remoteGlobalIDString = 3643C8D41E262B9D00E9BCA5;
			remoteInfo = KenanKarakecili_Exercise;
		};
/* End PBXContainerItemProxy section */

/* Begin PBXFileReference section */
		3643C8D51E262B9D00E9BCA5 /* KenanKarakecili_Exercise.app */ = {isa = PBXFileReference; explicitFileType = wrapper.application; includeInIndex = 0; path = KenanKarakecili_Exercise.app; sourceTree = BUILT_PRODUCTS_DIR; };
		3643C8D91E262B9D00E9BCA5 /* main.m */ = {isa = PBXFileReference; lastKnownFileType = sourcecode.c.objc; path = main.m; sourceTree = "<group>"; };
		3643C8DB1E262B9D00E9BCA5 /* AppDelegate.h */ = {isa = PBXFileReference; lastKnownFileType = sourcecode.c.h; path = AppDelegate.h; sourceTree = "<group>"; };
		3643C8DC1E262B9D00E9BCA5 /* AppDelegate.m */ = {isa = PBXFileReference; lastKnownFileType = sourcecode.c.objc; path = AppDelegate.m; sourceTree = "<group>"; };
		3643C8E41E262B9D00E9BCA5 /* Assets.xcassets */ = {isa = PBXFileReference; lastKnownFileType = folder.assetcatalog; path = Assets.xcassets; sourceTree = "<group>"; };
		3643C8E71E262B9D00E9BCA5 /* Base */ = {isa = PBXFileReference; lastKnownFileType = file.storyboard; name = Base; path = Base.lproj/LaunchScreen.storyboard; sourceTree = "<group>"; };
		3643C8E91E262B9D00E9BCA5 /* Info.plist */ = {isa = PBXFileReference; lastKnownFileType = text.plist.xml; path = Info.plist; sourceTree = "<group>"; };
		3643C8EE1E262B9D00E9BCA5 /* KenanKarakecili_ExerciseTests.xctest */ = {isa = PBXFileReference; explicitFileType = wrapper.cfbundle; includeInIndex = 0; path = KenanKarakecili_ExerciseTests.xctest; sourceTree = BUILT_PRODUCTS_DIR; };
		3643C8F21E262B9E00E9BCA5 /* KenanKarakecili_ExerciseTests.m */ = {isa = PBXFileReference; lastKnownFileType = sourcecode.c.objc; path = KenanKarakecili_ExerciseTests.m; sourceTree = "<group>"; };
		3643C8F41E262B9E00E9BCA5 /* Info.plist */ = {isa = PBXFileReference; lastKnownFileType = text.plist.xml; path = Info.plist; sourceTree = "<group>"; };
		3643C8FF1E26333600E9BCA5 /* MainVC.h */ = {isa = PBXFileReference; fileEncoding = 4; lastKnownFileType = sourcecode.c.h; path = MainVC.h; sourceTree = "<group>"; };
		3643C9001E26333600E9BCA5 /* MainVC.m */ = {isa = PBXFileReference; fileEncoding = 4; lastKnownFileType = sourcecode.c.objc; path = MainVC.m; sourceTree = "<group>"; };
		3643C9091E26483D00E9BCA5 /* ConnectionHandler.h */ = {isa = PBXFileReference; fileEncoding = 4; lastKnownFileType = sourcecode.c.h; path = ConnectionHandler.h; sourceTree = "<group>"; };
		3643C90A1E26483D00E9BCA5 /* ConnectionHandler.m */ = {isa = PBXFileReference; fileEncoding = 4; lastKnownFileType = sourcecode.c.objc; path = ConnectionHandler.m; sourceTree = "<group>"; };
		3643C90C1E26494700E9BCA5 /* GetRequest.h */ = {isa = PBXFileReference; fileEncoding = 4; lastKnownFileType = sourcecode.c.h; path = GetRequest.h; sourceTree = "<group>"; };
		3643C90D1E26494700E9BCA5 /* GetRequest.m */ = {isa = PBXFileReference; fileEncoding = 4; lastKnownFileType = sourcecode.c.objc; path = GetRequest.m; sourceTree = "<group>"; };
		3643C90F1E26496A00E9BCA5 /* BaseRequest.h */ = {isa = PBXFileReference; fileEncoding = 4; lastKnownFileType = sourcecode.c.h; path = BaseRequest.h; sourceTree = "<group>"; };
		3643C9101E26496A00E9BCA5 /* BaseRequest.m */ = {isa = PBXFileReference; fileEncoding = 4; lastKnownFileType = sourcecode.c.objc; path = BaseRequest.m; sourceTree = "<group>"; };
		3643C9141E264B4100E9BCA5 /* CJSONDeserializer.h */ = {isa = PBXFileReference; fileEncoding = 4; lastKnownFileType = sourcecode.c.h; path = CJSONDeserializer.h; sourceTree = "<group>"; };
		3643C9151E264B4100E9BCA5 /* CJSONDeserializer.m */ = {isa = PBXFileReference; fileEncoding = 4; lastKnownFileType = sourcecode.c.objc; path = CJSONDeserializer.m; sourceTree = "<group>"; };
		3643C9161E264B4100E9BCA5 /* CJSONSerializer.h */ = {isa = PBXFileReference; fileEncoding = 4; lastKnownFileType = sourcecode.c.h; path = CJSONSerializer.h; sourceTree = "<group>"; };
		3643C9171E264B4100E9BCA5 /* CJSONSerializer.m */ = {isa = PBXFileReference; fileEncoding = 4; lastKnownFileType = sourcecode.c.objc; path = CJSONSerializer.m; sourceTree = "<group>"; };
		3643C9181E264B4100E9BCA5 /* JSONRepresentation.h */ = {isa = PBXFileReference; fileEncoding = 4; lastKnownFileType = sourcecode.c.h; path = JSONRepresentation.h; sourceTree = "<group>"; };
		3643C9191E264B4100E9BCA5 /* NSDictionary_JSONExtensions.h */ = {isa = PBXFileReference; fileEncoding = 4; lastKnownFileType = sourcecode.c.h; path = NSDictionary_JSONExtensions.h; sourceTree = "<group>"; };
		3643C91A1E264B4100E9BCA5 /* NSDictionary_JSONExtensions.m */ = {isa = PBXFileReference; fileEncoding = 4; lastKnownFileType = sourcecode.c.objc; path = NSDictionary_JSONExtensions.m; sourceTree = "<group>"; };
		3643C9201E264D7400E9BCA5 /* MYAPI.h */ = {isa = PBXFileReference; fileEncoding = 4; lastKnownFileType = sourcecode.c.h; path = MYAPI.h; sourceTree = "<group>"; };
		3643C9211E264D7400E9BCA5 /* MYAPI.m */ = {isa = PBXFileReference; fileEncoding = 4; lastKnownFileType = sourcecode.c.objc; path = MYAPI.m; sourceTree = "<group>"; };
		3643C9231E264ED400E9BCA5 /* Constants.h */ = {isa = PBXFileReference; lastKnownFileType = sourcecode.c.h; path = Constants.h; sourceTree = "<group>"; };
		3643C9251E26509200E9BCA5 /* PrefixHeader.pch */ = {isa = PBXFileReference; lastKnownFileType = sourcecode.c.h; path = PrefixHeader.pch; sourceTree = "<group>"; };
		3643C9271E265F0800E9BCA5 /* RowItem.h */ = {isa = PBXFileReference; fileEncoding = 4; lastKnownFileType = sourcecode.c.h; path = RowItem.h; sourceTree = "<group>"; };
		3643C9281E265F0800E9BCA5 /* RowItem.m */ = {isa = PBXFileReference; fileEncoding = 4; lastKnownFileType = sourcecode.c.objc; path = RowItem.m; sourceTree = "<group>"; };
/* End PBXFileReference section */

/* Begin PBXFrameworksBuildPhase section */
		3643C8D21E262B9D00E9BCA5 /* Frameworks */ = {
			isa = PBXFrameworksBuildPhase;
			buildActionMask = 2147483647;
			files = (
			);
			runOnlyForDeploymentPostprocessing = 0;
		};
		3643C8EB1E262B9D00E9BCA5 /* Frameworks */ = {
			isa = PBXFrameworksBuildPhase;
			buildActionMask = 2147483647;
			files = (
			);
			runOnlyForDeploymentPostprocessing = 0;
		};
/* End PBXFrameworksBuildPhase section */

/* Begin PBXGroup section */
		3643C8CC1E262B9D00E9BCA5 = {
			isa = PBXGroup;
			children = (
				3643C8D71E262B9D00E9BCA5 /* KenanKarakecili_Exercise */,
				3643C8F11E262B9D00E9BCA5 /* KenanKarakecili_ExerciseTests */,
				3643C8D61E262B9D00E9BCA5 /* Products */,
			);
			sourceTree = "<group>";
		};
		3643C8D61E262B9D00E9BCA5 /* Products */ = {
			isa = PBXGroup;
			children = (
				3643C8D51E262B9D00E9BCA5 /* KenanKarakecili_Exercise.app */,
				3643C8EE1E262B9D00E9BCA5 /* KenanKarakecili_ExerciseTests.xctest */,
			);
			name = Products;
			sourceTree = "<group>";
		};
		3643C8D71E262B9D00E9BCA5 /* KenanKarakecili_Exercise */ = {
			isa = PBXGroup;
			children = (
				3643C8DB1E262B9D00E9BCA5 /* AppDelegate.h */,
				3643C8DC1E262B9D00E9BCA5 /* AppDelegate.m */,
				3643C9251E26509200E9BCA5 /* PrefixHeader.pch */,
				3643C9231E264ED400E9BCA5 /* Constants.h */,
				3643C9121E264AF200E9BCA5 /* Utilities */,
				3643C9081E26480300E9BCA5 /* Connection */,
				3643C91F1E264D3C00E9BCA5 /* APIs */,
				3643C9261E265EE100E9BCA5 /* Models */,
				3643C8FD1E26327800E9BCA5 /* Views */,
				3643C8FE1E26328400E9BCA5 /* ViewControllers */,
				3643C8E41E262B9D00E9BCA5 /* Assets.xcassets */,
				3643C8E61E262B9D00E9BCA5 /* LaunchScreen.storyboard */,
				3643C8E91E262B9D00E9BCA5 /* Info.plist */,
				3643C8D81E262B9D00E9BCA5 /* Supporting Files */,
			);
			path = KenanKarakecili_Exercise;
			sourceTree = "<group>";
		};
		3643C8D81E262B9D00E9BCA5 /* Supporting Files */ = {
			isa = PBXGroup;
			children = (
				3643C8D91E262B9D00E9BCA5 /* main.m */,
			);
			name = "Supporting Files";
			sourceTree = "<group>";
		};
		3643C8F11E262B9D00E9BCA5 /* KenanKarakecili_ExerciseTests */ = {
			isa = PBXGroup;
			children = (
				3643C8F21E262B9E00E9BCA5 /* KenanKarakecili_ExerciseTests.m */,
				3643C8F41E262B9E00E9BCA5 /* Info.plist */,
			);
			path = KenanKarakecili_ExerciseTests;
			sourceTree = "<group>";
		};
		3643C8FD1E26327800E9BCA5 /* Views */ = {
			isa = PBXGroup;
			children = (
			);
			path = Views;
			sourceTree = "<group>";
		};
		3643C8FE1E26328400E9BCA5 /* ViewControllers */ = {
			isa = PBXGroup;
			children = (
				3643C8FF1E26333600E9BCA5 /* MainVC.h */,
				3643C9001E26333600E9BCA5 /* MainVC.m */,
			);
			path = ViewControllers;
			sourceTree = "<group>";
		};
		3643C9081E26480300E9BCA5 /* Connection */ = {
			isa = PBXGroup;
			children = (
				3643C90F1E26496A00E9BCA5 /* BaseRequest.h */,
				3643C9101E26496A00E9BCA5 /* BaseRequest.m */,
				3643C90C1E26494700E9BCA5 /* GetRequest.h */,
				3643C90D1E26494700E9BCA5 /* GetRequest.m */,
				3643C9091E26483D00E9BCA5 /* ConnectionHandler.h */,
				3643C90A1E26483D00E9BCA5 /* ConnectionHandler.m */,
			);
			path = Connection;
			sourceTree = "<group>";
		};
		3643C9121E264AF200E9BCA5 /* Utilities */ = {
			isa = PBXGroup;
			children = (
				3643C9131E264B2700E9BCA5 /* TouchJSON */,
			);
			path = Utilities;
			sourceTree = "<group>";
		};
		3643C9131E264B2700E9BCA5 /* TouchJSON */ = {
			isa = PBXGroup;
			children = (
				3643C9141E264B4100E9BCA5 /* CJSONDeserializer.h */,
				3643C9151E264B4100E9BCA5 /* CJSONDeserializer.m */,
				3643C9161E264B4100E9BCA5 /* CJSONSerializer.h */,
				3643C9171E264B4100E9BCA5 /* CJSONSerializer.m */,
				3643C9181E264B4100E9BCA5 /* JSONRepresentation.h */,
				3643C9191E264B4100E9BCA5 /* NSDictionary_JSONExtensions.h */,
				3643C91A1E264B4100E9BCA5 /* NSDictionary_JSONExtensions.m */,
			);
			path = TouchJSON;
			sourceTree = "<group>";
		};
		3643C91F1E264D3C00E9BCA5 /* APIs */ = {
			isa = PBXGroup;
			children = (
				3643C9201E264D7400E9BCA5 /* MYAPI.h */,
				3643C9211E264D7400E9BCA5 /* MYAPI.m */,
			);
			path = APIs;
			sourceTree = "<group>";
		};
		3643C9261E265EE100E9BCA5 /* Models */ = {
			isa = PBXGroup;
			children = (
				3643C9271E265F0800E9BCA5 /* RowItem.h */,
				3643C9281E265F0800E9BCA5 /* RowItem.m */,
			);
			path = Models;
			sourceTree = "<group>";
		};
/* End PBXGroup section */

/* Begin PBXNativeTarget section */
		3643C8D41E262B9D00E9BCA5 /* KenanKarakecili_Exercise */ = {
			isa = PBXNativeTarget;
			buildConfigurationList = 3643C8F71E262B9E00E9BCA5 /* Build configuration list for PBXNativeTarget "KenanKarakecili_Exercise" */;
			buildPhases = (
				3643C8D11E262B9D00E9BCA5 /* Sources */,
				3643C8D21E262B9D00E9BCA5 /* Frameworks */,
				3643C8D31E262B9D00E9BCA5 /* Resources */,
			);
			buildRules = (
			);
			dependencies = (
			);
			name = KenanKarakecili_Exercise;
			productName = KenanKarakecili_Exercise;
			productReference = 3643C8D51E262B9D00E9BCA5 /* KenanKarakecili_Exercise.app */;
			productType = "com.apple.product-type.application";
		};
		3643C8ED1E262B9D00E9BCA5 /* KenanKarakecili_ExerciseTests */ = {
			isa = PBXNativeTarget;
			buildConfigurationList = 3643C8FA1E262B9E00E9BCA5 /* Build configuration list for PBXNativeTarget "KenanKarakecili_ExerciseTests" */;
			buildPhases = (
				3643C8EA1E262B9D00E9BCA5 /* Sources */,
				3643C8EB1E262B9D00E9BCA5 /* Frameworks */,
				3643C8EC1E262B9D00E9BCA5 /* Resources */,
			);
			buildRules = (
			);
			dependencies = (
				3643C8F01E262B9D00E9BCA5 /* PBXTargetDependency */,
			);
			name = KenanKarakecili_ExerciseTests;
			productName = KenanKarakecili_ExerciseTests;
			productReference = 3643C8EE1E262B9D00E9BCA5 /* KenanKarakecili_ExerciseTests.xctest */;
			productType = "com.apple.product-type.bundle.unit-test";
		};
/* End PBXNativeTarget section */

/* Begin PBXProject section */
		3643C8CD1E262B9D00E9BCA5 /* Project object */ = {
			isa = PBXProject;
			attributes = {
				LastUpgradeCheck = 0820;
				ORGANIZATIONNAME = "Kenan Karakecili";
				TargetAttributes = {
					3643C8D41E262B9D00E9BCA5 = {
						CreatedOnToolsVersion = 8.2.1;
						ProvisioningStyle = Automatic;
					};
					3643C8ED1E262B9D00E9BCA5 = {
						CreatedOnToolsVersion = 8.2.1;
						ProvisioningStyle = Automatic;
						TestTargetID = 3643C8D41E262B9D00E9BCA5;
					};
				};
			};
			buildConfigurationList = 3643C8D01E262B9D00E9BCA5 /* Build configuration list for PBXProject "KenanKarakecili_Exercise" */;
			compatibilityVersion = "Xcode 3.2";
			developmentRegion = English;
			hasScannedForEncodings = 0;
			knownRegions = (
				en,
				Base,
			);
			mainGroup = 3643C8CC1E262B9D00E9BCA5;
			productRefGroup = 3643C8D61E262B9D00E9BCA5 /* Products */;
			projectDirPath = "";
			projectRoot = "";
			targets = (
				3643C8D41E262B9D00E9BCA5 /* KenanKarakecili_Exercise */,
				3643C8ED1E262B9D00E9BCA5 /* KenanKarakecili_ExerciseTests */,
			);
		};
/* End PBXProject section */

/* Begin PBXResourcesBuildPhase section */
		3643C8D31E262B9D00E9BCA5 /* Resources */ = {
			isa = PBXResourcesBuildPhase;
			buildActionMask = 2147483647;
			files = (
				3643C8E81E262B9D00E9BCA5 /* LaunchScreen.storyboard in Resources */,
				3643C8E51E262B9D00E9BCA5 /* Assets.xcassets in Resources */,
			);
			runOnlyForDeploymentPostprocessing = 0;
		};
		3643C8EC1E262B9D00E9BCA5 /* Resources */ = {
			isa = PBXResourcesBuildPhase;
			buildActionMask = 2147483647;
			files = (
			);
			runOnlyForDeploymentPostprocessing = 0;
		};
/* End PBXResourcesBuildPhase section */

/* Begin PBXSourcesBuildPhase section */
		3643C8D11E262B9D00E9BCA5 /* Sources */ = {
			isa = PBXSourcesBuildPhase;
			buildActionMask = 2147483647;
			files = (
				3643C91B1E264B4100E9BCA5 /* CJSONDeserializer.m in Sources */,
				3643C91D1E264B4100E9BCA5 /* NSDictionary_JSONExtensions.m in Sources */,
				3643C9291E265F0800E9BCA5 /* RowItem.m in Sources */,
				3643C90B1E26483D00E9BCA5 /* ConnectionHandler.m in Sources */,
				3643C9011E26333600E9BCA5 /* MainVC.m in Sources */,
				3643C91C1E264B4100E9BCA5 /* CJSONSerializer.m in Sources */,
				3643C8DD1E262B9D00E9BCA5 /* AppDelegate.m in Sources */,
				3643C9221E264D7400E9BCA5 /* MYAPI.m in Sources */,
				3643C8DA1E262B9D00E9BCA5 /* main.m in Sources */,
				3643C9111E26496A00E9BCA5 /* BaseRequest.m in Sources */,
				3643C90E1E26494700E9BCA5 /* GetRequest.m in Sources */,
			);
			runOnlyForDeploymentPostprocessing = 0;
		};
		3643C8EA1E262B9D00E9BCA5 /* Sources */ = {
			isa = PBXSourcesBuildPhase;
			buildActionMask = 2147483647;
			files = (
				3643C8F31E262B9E00E9BCA5 /* KenanKarakecili_ExerciseTests.m in Sources */,
			);
			runOnlyForDeploymentPostprocessing = 0;
		};
/* End PBXSourcesBuildPhase section */

/* Begin PBXTargetDependency section */
		3643C8F01E262B9D00E9BCA5 /* PBXTargetDependency */ = {
			isa = PBXTargetDependency;
			target = 3643C8D41E262B9D00E9BCA5 /* KenanKarakecili_Exercise */;
			targetProxy = 3643C8EF1E262B9D00E9BCA5 /* PBXContainerItemProxy */;
		};
/* End PBXTargetDependency section */

/* Begin PBXVariantGroup section */
		3643C8E61E262B9D00E9BCA5 /* LaunchScreen.storyboard */ = {
			isa = PBXVariantGroup;
			children = (
				3643C8E71E262B9D00E9BCA5 /* Base */,
			);
			name = LaunchScreen.storyboard;
			sourceTree = "<group>";
		};
/* End PBXVariantGroup section */

/* Begin XCBuildConfiguration section */
		3643C8F51E262B9E00E9BCA5 /* Debug */ = {
			isa = XCBuildConfiguration;
			buildSettings = {
				ALWAYS_SEARCH_USER_PATHS = NO;
				CLANG_ANALYZER_NONNULL = YES;
				CLANG_CXX_LANGUAGE_STANDARD = "gnu++0x";
				CLANG_CXX_LIBRARY = "libc++";
				CLANG_ENABLE_MODULES = YES;
				CLANG_ENABLE_OBJC_ARC = YES;
				CLANG_WARN_BOOL_CONVERSION = YES;
				CLANG_WARN_CONSTANT_CONVERSION = YES;
				CLANG_WARN_DIRECT_OBJC_ISA_USAGE = YES_ERROR;
				CLANG_WARN_DOCUMENTATION_COMMENTS = YES;
				CLANG_WARN_EMPTY_BODY = YES;
				CLANG_WARN_ENUM_CONVERSION = YES;
				CLANG_WARN_INFINITE_RECURSION = YES;
				CLANG_WARN_INT_CONVERSION = YES;
				CLANG_WARN_OBJC_ROOT_CLASS = YES_ERROR;
				CLANG_WARN_SUSPICIOUS_MOVE = YES;
				CLANG_WARN_UNREACHABLE_CODE = YES;
				CLANG_WARN__DUPLICATE_METHOD_MATCH = YES;
				"CODE_SIGN_IDENTITY[sdk=iphoneos*]" = "iPhone Developer";
				COPY_PHASE_STRIP = NO;
				DEBUG_INFORMATION_FORMAT = dwarf;
				ENABLE_STRICT_OBJC_MSGSEND = YES;
				ENABLE_TESTABILITY = YES;
				GCC_C_LANGUAGE_STANDARD = gnu99;
				GCC_DYNAMIC_NO_PIC = NO;
				GCC_NO_COMMON_BLOCKS = YES;
				GCC_OPTIMIZATION_LEVEL = 0;
				GCC_PREPROCESSOR_DEFINITIONS = (
					"DEBUG=1",
					"$(inherited)",
				);
				GCC_WARN_64_TO_32_BIT_CONVERSION = YES;
				GCC_WARN_ABOUT_RETURN_TYPE = YES_ERROR;
				GCC_WARN_UNDECLARED_SELECTOR = YES;
				GCC_WARN_UNINITIALIZED_AUTOS = YES_AGGRESSIVE;
				GCC_WARN_UNUSED_FUNCTION = YES;
				GCC_WARN_UNUSED_VARIABLE = YES;
				IPHONEOS_DEPLOYMENT_TARGET = 10.2;
				MTL_ENABLE_DEBUG_INFO = YES;
				ONLY_ACTIVE_ARCH = YES;
				SDKROOT = iphoneos;
			};
			name = Debug;
		};
		3643C8F61E262B9E00E9BCA5 /* Release */ = {
			isa = XCBuildConfiguration;
			buildSettings = {
				ALWAYS_SEARCH_USER_PATHS = NO;
				CLANG_ANALYZER_NONNULL = YES;
				CLANG_CXX_LANGUAGE_STANDARD = "gnu++0x";
				CLANG_CXX_LIBRARY = "libc++";
				CLANG_ENABLE_MODULES = YES;
				CLANG_ENABLE_OBJC_ARC = YES;
				CLANG_WARN_BOOL_CONVERSION = YES;
				CLANG_WARN_CONSTANT_CONVERSION = YES;
				CLANG_WARN_DIRECT_OBJC_ISA_USAGE = YES_ERROR;
				CLANG_WARN_DOCUMENTATION_COMMENTS = YES;
				CLANG_WARN_EMPTY_BODY = YES;
				CLANG_WARN_ENUM_CONVERSION = YES;
				CLANG_WARN_INFINITE_RECURSION = YES;
				CLANG_WARN_INT_CONVERSION = YES;
				CLANG_WARN_OBJC_ROOT_CLASS = YES_ERROR;
				CLANG_WARN_SUSPICIOUS_MOVE = YES;
				CLANG_WARN_UNREACHABLE_CODE = YES;
				CLANG_WARN__DUPLICATE_METHOD_MATCH = YES;
				"CODE_SIGN_IDENTITY[sdk=iphoneos*]" = "iPhone Developer";
				COPY_PHASE_STRIP = NO;
				DEBUG_INFORMATION_FORMAT = "dwarf-with-dsym";
				ENABLE_NS_ASSERTIONS = NO;
				ENABLE_STRICT_OBJC_MSGSEND = YES;
				GCC_C_LANGUAGE_STANDARD = gnu99;
				GCC_NO_COMMON_BLOCKS = YES;
				GCC_WARN_64_TO_32_BIT_CONVERSION = YES;
				GCC_WARN_ABOUT_RETURN_TYPE = YES_ERROR;
				GCC_WARN_UNDECLARED_SELECTOR = YES;
				GCC_WARN_UNINITIALIZED_AUTOS = YES_AGGRESSIVE;
				GCC_WARN_UNUSED_FUNCTION = YES;
				GCC_WARN_UNUSED_VARIABLE = YES;
				IPHONEOS_DEPLOYMENT_TARGET = 10.2;
				MTL_ENABLE_DEBUG_INFO = NO;
				SDKROOT = iphoneos;
				VALIDATE_PRODUCT = YES;
			};
			name = Release;
		};
		3643C8F81E262B9E00E9BCA5 /* Debug */ = {
			isa = XCBuildConfiguration;
			buildSettings = {
				ASSETCATALOG_COMPILER_APPICON_NAME = AppIcon;
				GCC_PREFIX_HEADER = "$(SRCROOT)/KenanKarakecili_Exercise/PrefixHeader.pch";
				INFOPLIST_FILE = KenanKarakecili_Exercise/Info.plist;
				IPHONEOS_DEPLOYMENT_TARGET = 8.0;
				LD_RUNPATH_SEARCH_PATHS = "$(inherited) @executable_path/Frameworks";
				PRODUCT_BUNDLE_IDENTIFIER = "kenankarakecili.KenanKarakecili-Exercise";
				PRODUCT_NAME = "$(TARGET_NAME)";
			};
			name = Debug;
		};
		3643C8F91E262B9E00E9BCA5 /* Release */ = {
			isa = XCBuildConfiguration;
			buildSettings = {
				ASSETCATALOG_COMPILER_APPICON_NAME = AppIcon;
				GCC_PREFIX_HEADER = "$(SRCROOT)/KenanKarakecili_Exercise/PrefixHeader.pch";
				INFOPLIST_FILE = KenanKarakecili_Exercise/Info.plist;
				IPHONEOS_DEPLOYMENT_TARGET = 8.0;
				LD_RUNPATH_SEARCH_PATHS = "$(inherited) @executable_path/Frameworks";
				PRODUCT_BUNDLE_IDENTIFIER = "kenankarakecili.KenanKarakecili-Exercise";
				PRODUCT_NAME = "$(TARGET_NAME)";
			};
			name = Release;
		};
		3643C8FB1E262B9E00E9BCA5 /* Debug */ = {
			isa = XCBuildConfiguration;
			buildSettings = {
				BUNDLE_LOADER = "$(TEST_HOST)";
				INFOPLIST_FILE = KenanKarakecili_ExerciseTests/Info.plist;
				LD_RUNPATH_SEARCH_PATHS = "$(inherited) @executable_path/Frameworks @loader_path/Frameworks";
				PRODUCT_BUNDLE_IDENTIFIER = "kenankarakecili.KenanKarakecili-ExerciseTests";
				PRODUCT_NAME = "$(TARGET_NAME)";
				TEST_HOST = "$(BUILT_PRODUCTS_DIR)/KenanKarakecili_Exercise.app/KenanKarakecili_Exercise";
			};
			name = Debug;
		};
		3643C8FC1E262B9E00E9BCA5 /* Release */ = {
			isa = XCBuildConfiguration;
			buildSettings = {
				BUNDLE_LOADER = "$(TEST_HOST)";
				INFOPLIST_FILE = KenanKarakecili_ExerciseTests/Info.plist;
				LD_RUNPATH_SEARCH_PATHS = "$(inherited) @executable_path/Frameworks @loader_path/Frameworks";
				PRODUCT_BUNDLE_IDENTIFIER = "kenankarakecili.KenanKarakecili-ExerciseTests";
				PRODUCT_NAME = "$(TARGET_NAME)";
				TEST_HOST = "$(BUILT_PRODUCTS_DIR)/KenanKarakecili_Exercise.app/KenanKarakecili_Exercise";
			};
			name = Release;
		};
/* End XCBuildConfiguration section */

/* Begin XCConfigurationList section */
		3643C8D01E262B9D00E9BCA5 /* Build configuration list for PBXProject "KenanKarakecili_Exercise" */ = {
			isa = XCConfigurationList;
			buildConfigurations = (
				3643C8F51E262B9E00E9BCA5 /* Debug */,
				3643C8F61E262B9E00E9BCA5 /* Release */,
			);
			defaultConfigurationIsVisible = 0;
			defaultConfigurationName = Release;
		};
		3643C8F71E262B9E00E9BCA5 /* Build configuration list for PBXNativeTarget "KenanKarakecili_Exercise" */ = {
			isa = XCConfigurationList;
			buildConfigurations = (
				3643C8F81E262B9E00E9BCA5 /* Debug */,
				3643C8F91E262B9E00E9BCA5 /* Release */,
			);
			defaultConfigurationIsVisible = 0;
			defaultConfigurationName = Release;
		};
		3643C8FA1E262B9E00E9BCA5 /* Build configuration list for PBXNativeTarget "KenanKarakecili_ExerciseTests" */ = {
			isa = XCConfigurationList;
			buildConfigurations = (
				3643C8FB1E262B9E00E9BCA5 /* Debug */,
				3643C8FC1E262B9E00E9BCA5 /* Release */,
			);
			defaultConfigurationIsVisible = 0;
			defaultConfigurationName = Release;
		};
/* End XCConfigurationList section */
	};
	rootObject = 3643C8CD1E262B9D00E9BCA5 /* Project object */;
}
